# @generated - this file is auto-generated by `mise lock` https://mise.jdx.dev/dev-tools/mise-lock.html

[[tools.bqtools]]
version = "0.5.14"
backend = "cargo:bqtools"

[tools.bqtools.options]
locked = "true"

[[tools."cargo:bqtools"]]
version = "0.5.14"
backend = "cargo:bqtools"

[[tools."cargo:https://github.com/bluenote-1577/sylph"]]
version = "tag:v0.9.0"
backend = "cargo:https://github.com/bluenote-1577/sylph"

[tools."cargo:https://github.com/bluenote-1577/sylph".options]
bin = "sylph"

[[tools.deacon]]
version = "0.17.0"
backend = "github:bede/deacon"

[tools.deacon."platforms.linux-arm64"]
checksum = "sha256:31a745b8b90b5182a8d2d2d889e4bb268456738dd7d4ca4dc37d1237692aa3f7"
url = "https://github.com/bede/deacon/releases/download/0.17.0/deacon-aarch64-unknown-linux-gnu"
url_api = "https://api.github.com/repos/bede/deacon/releases/assets/519462423"

[tools.deacon."platforms.linux-x64"]
checksum = "sha256:d78326f582b7511110c1e144b79039d0393ccbce2f448119d4004aa9756e11c5"
url = "https://github.com/bede/deacon/releases/download/0.17.0/deacon-x86_64-unknown-linux-gnu"
url_api = "https://api.github.com/repos/bede/deacon/releases/assets/519462420"

[tools.deacon."platforms.macos-arm64"]
checksum = "sha256:59e0841c828537b9b0f9da15bc46cadf34d57dc7b5fd87b54e03e3c6a503a4d3"
url = "https://github.com/bede/deacon/releases/download/0.17.0/deacon-aarch64-apple-darwin"
url_api = "https://api.github.com/repos/bede/deacon/releases/assets/519462421"

[[tools."github:bahdotsh/wrkflw"]]
version = "0.8.0"
backend = "github:bahdotsh/wrkflw"

[tools."github:bahdotsh/wrkflw"."platforms.linux-arm64"]
checksum = "sha256:44b9d02e3624aa808dfab22bbcc12f65564079e30bc5b7d82a3f32e1f0830234"
url = "https://github.com/bahdotsh/wrkflw/releases/download/v0.8.0/wrkflw-aarch64-unknown-linux-gnu.tar.gz"
url_api = "https://api.github.com/repos/bahdotsh/wrkflw/releases/assets/401841584"

[tools."github:bahdotsh/wrkflw"."platforms.linux-x64"]
checksum = "sha256:d7140aa917da5bb13a2f27eab6c592bb019cbe4977e14390d579992087a6a902"
url = "https://github.com/bahdotsh/wrkflw/releases/download/v0.8.0/wrkflw-x86_64-unknown-linux-gnu.tar.gz"
url_api = "https://api.github.com/repos/bahdotsh/wrkflw/releases/assets/401841586"

[tools."github:bahdotsh/wrkflw"."platforms.macos-arm64"]
checksum = "sha256:119932dc5c27e146a9ca88247a600a20054b7a243f790615057c81b5aca2bc78"
url = "https://github.com/bahdotsh/wrkflw/releases/download/v0.8.0/wrkflw-aarch64-apple-darwin.tar.gz"
url_api = "https://api.github.com/repos/bahdotsh/wrkflw/releases/assets/401841585"

[[tools.pixi]]
version = "0.77.1"
backend = "github:prefix-dev/pixi"

[tools.pixi."platforms.linux-arm64"]
checksum = "sha256:f49325536f9d3e68bf60115983f583463bdc68ad1c9e772a072a7f47dbf42d20"
url = "https://github.com/prefix-dev/pixi/releases/download/v0.77.1/pixi-aarch64-unknown-linux-musl.tar.gz"
url_api = "https://api.github.com/repos/prefix-dev/pixi/releases/assets/527575141"
provenance = "github-attestations"

[tools.pixi."platforms.linux-x64"]
checksum = "sha256:74dbe15255c763396ac847eb455573c6400e9caf06614c3fc00cb3de6d1099d5"
url = "https://github.com/prefix-dev/pixi/releases/download/v0.77.1/pixi-x86_64-unknown-linux-musl.tar.gz"
url_api = "https://api.github.com/repos/prefix-dev/pixi/releases/assets/527575311"
provenance = "github-attestations"

[tools.pixi."platforms.macos-arm64"]
checksum = "sha256:2b1280f11ed058477eb2752baac875615eb9ad48002c0536d8063d4249e853c2"
url = "https://github.com/prefix-dev/pixi/releases/download/v0.77.1/pixi-aarch64-apple-darwin.tar.gz"
url_api = "https://api.github.com/repos/prefix-dev/pixi/releases/assets/527575041"
provenance = "github-attestations"
provenance_verified = true

[[tools.rust]]
version = "1.97.1"
backend = "core:rust"

[[tools.skope]]
version = "0.4.0"
backend = "github:bede/skope"

[tools.skope."platforms.linux-arm64"]
checksum = "sha256:1e9bfc103c31d9ff64c92c3eaf4222dd4e67e2e7d5723c2893da58c21f344635"
url = "https://github.com/bede/skope/releases/download/0.4.0/skope-aarch64-unknown-linux-gnu"
url_api = "https://api.github.com/repos/bede/skope/releases/assets/470130976"

[tools.skope."platforms.linux-x64"]
checksum = "sha256:7134db06262782493dfb7e278e6e6e06c182adb650ed63cbc18bc6d0f49da658"
url = "https://github.com/bede/skope/releases/download/0.4.0/skope-x86_64-unknown-linux-gnu"
url_api = "https://api.github.com/repos/bede/skope/releases/assets/470130975"

[tools.skope."platforms.macos-arm64"]
checksum = "sha256:a3a0b81c08917cab7d534d09608b6528202893a2b4a1f7ad31b895264655b404"
url = "https://github.com/bede/skope/releases/download/0.4.0/skope-aarch64-apple-darwin"
url_api = "https://api.github.com/repos/bede/skope/releases/assets/470130977"

[[tools.sylph]]
version = "tag:v0.9.0"
backend = "cargo:https://github.com/bluenote-1577/sylph"

[tools.sylph.options]
bin = "sylph"
locked = "true"

[[tools.uv]]
version = "0.12.5"
backend = "aqua:astral-sh/uv"

[tools.uv."platforms.linux-arm64"]
checksum = "sha256:8767a0e77f2cd45436401b1b42bf7e9ed5a4a91a74a5305d6fe93249d0f6dbc5"
url = "https://github.com/astral-sh/uv/releases/download/0.12.5/uv-aarch64-unknown-linux-musl.tar.gz"
url_api = "https://api.github.com/repos/astral-sh/uv/releases/assets/514850993"
provenance = "github-attestations"

[tools.uv."platforms.linux-x64"]
checksum = "sha256:a4742988791c9aeae68c78150d6cba762062ad2a47e53738c2779d2b596bfcdb"
url = "https://github.com/astral-sh/uv/releases/download/0.12.5/uv-x86_64-unknown-linux-musl.tar.gz"
url_api = "https://api.github.com/repos/astral-sh/uv/releases/assets/514851105"
provenance = "github-attestations"

[tools.uv."platforms.macos-arm64"]
checksum = "sha256:5bb0e5fe008a773c3dbcb97ff79cd89e1241464fe9d2f986d52ad8f1b037bd62"
url = "https://github.com/astral-sh/uv/releases/download/0.12.5/uv-aarch64-apple-darwin.tar.gz"
url_api = "https://api.github.com/repos/astral-sh/uv/releases/assets/514850968"
provenance = "github-attestations"
