# @generated - this file is auto-generated by `mise lock` https://mise.jdx.dev/dev-tools/mise-lock.html

[[tools.bqtools]]
version = "0.5.15"
backend = "cargo:bqtools"

[tools.bqtools.options]
locked = "true"

[[tools."cargo:bqtools"]]
version = "0.5.14"
backend = "cargo:bqtools"

[[tools.deacon]]
version = "0.18.0"
backend = "github:bede/deacon"

[tools.deacon."platforms.linux-arm64"]
checksum = "sha256:c3b5e9b45aa4323e541f287810eeaeca475e566a6fa27e5451b04dfded73c9d0"
url = "https://github.com/bede/deacon/releases/download/0.18.0/deacon-aarch64-unknown-linux-gnu"
url_api = "https://api.github.com/repos/bede/deacon/releases/assets/579515441"

[tools.deacon."platforms.linux-x64"]
checksum = "sha256:b186655346e08a37a22a695cfd982fbcd38bfa8fe1a4d25a937a750bd0722875"
url = "https://github.com/bede/deacon/releases/download/0.18.0/deacon-x86_64-unknown-linux-gnu"
url_api = "https://api.github.com/repos/bede/deacon/releases/assets/579515442"

[tools.deacon."platforms.macos-arm64"]
checksum = "sha256:2e3537e31963d64a9796c07fdc2944a2e68a5b5db64ae0f55cc3c820de26a14c"
url = "https://github.com/bede/deacon/releases/download/0.18.0/deacon-aarch64-apple-darwin"
url_api = "https://api.github.com/repos/bede/deacon/releases/assets/579515445"

[[tools."github:bahdotsh/wrkflw"]]
version = "0.8.0"
backend = "github:bahdotsh/wrkflw"

[tools."github:bahdotsh/wrkflw"."platforms.linux-arm64"]
checksum = "sha256:44b9d02e3624aa808dfab22bbcc12f65564079e30bc5b7d82a3f32e1f0830234"
url = "https://github.com/bahdotsh/wrkflw/releases/download/v0.8.0/wrkflw-aarch64-unknown-linux-gnu.tar.gz"
url_api = "https://api.github.com/repos/bahdotsh/wrkflw/releases/assets/401841584"

[tools."github:bahdotsh/wrkflw"."platforms.linux-x64"]
checksum = "sha256:d7140aa917da5bb13a2f27eab6c592bb019cbe4977e14390d579992087a6a902"
url = "https://github.com/bahdotsh/wrkflw/releases/download/v0.8.0/wrkflw-x86_64-unknown-linux-gnu.tar.gz"
url_api = "https://api.github.com/repos/bahdotsh/wrkflw/releases/assets/401841586"

[tools."github:bahdotsh/wrkflw"."platforms.macos-arm64"]
checksum = "sha256:119932dc5c27e146a9ca88247a600a20054b7a243f790615057c81b5aca2bc78"
url = "https://github.com/bahdotsh/wrkflw/releases/download/v0.8.0/wrkflw-aarch64-apple-darwin.tar.gz"
url_api = "https://api.github.com/repos/bahdotsh/wrkflw/releases/assets/401841585"

[[tools.pixi]]
version = "0.77.1"
backend = "github:prefix-dev/pixi"

[tools.pixi."platforms.linux-arm64"]
checksum = "sha256:f49325536f9d3e68bf60115983f583463bdc68ad1c9e772a072a7f47dbf42d20"
url = "https://github.com/prefix-dev/pixi/releases/download/v0.77.1/pixi-aarch64-unknown-linux-musl.tar.gz"
url_api = "https://api.github.com/repos/prefix-dev/pixi/releases/assets/527575141"
provenance = "github-attestations"

[tools.pixi."platforms.linux-x64"]
checksum = "sha256:74dbe15255c763396ac847eb455573c6400e9caf06614c3fc00cb3de6d1099d5"
url = "https://github.com/prefix-dev/pixi/releases/download/v0.77.1/pixi-x86_64-unknown-linux-musl.tar.gz"
url_api = "https://api.github.com/repos/prefix-dev/pixi/releases/assets/527575311"
provenance = "github-attestations"

[tools.pixi."platforms.macos-arm64"]
checksum = "sha256:2b1280f11ed058477eb2752baac875615eb9ad48002c0536d8063d4249e853c2"
url = "https://github.com/prefix-dev/pixi/releases/download/v0.77.1/pixi-aarch64-apple-darwin.tar.gz"
url_api = "https://api.github.com/repos/prefix-dev/pixi/releases/assets/527575041"
provenance = "github-attestations"

[[tools.rust]]
version = "1.98.1"
backend = "core:rust"

[[tools.skope]]
version = "rev:c016a1fd2441ee16227f9031d636333be35bae74"
backend = "cargo:https://github.com/bede/skope"

[tools.skope.options]
bin = "skope"
locked = "true"

[[tools.sylph]]
version = "tag:v1.0.0"
backend = "cargo:https://github.com/bluenote-1577/sylph"

[tools.sylph.options]
bin = "sylph"
locked = "true"

[[tools.uv]]
version = "0.12.5"
backend = "aqua:astral-sh/uv"

[tools.uv."platforms.linux-arm64"]
checksum = "sha256:9bf43b4d1a07665bf64d4c4e710930b382321a785e0eb10aac07f46471f86a31"
url = "https://github.com/astral-sh/uv/releases/download/0.12.5/uv-aarch64-unknown-linux-gnu.tar.gz"
url_api = "https://api.github.com/repos/astral-sh/uv/releases/assets/514850990"
provenance = "github-attestations"

[tools.uv."platforms.linux-x64"]
checksum = "sha256:68a509da24b06b4223a1c0175fb5eb5bc79342b76cbeff0cfe51ac3f5b17b6b2"
url = "https://github.com/astral-sh/uv/releases/download/0.12.5/uv-x86_64-unknown-linux-gnu.tar.gz"
url_api = "https://api.github.com/repos/astral-sh/uv/releases/assets/514851093"
provenance = "github-attestations"

[tools.uv."platforms.macos-arm64"]
checksum = "sha256:5bb0e5fe008a773c3dbcb97ff79cd89e1241464fe9d2f986d52ad8f1b037bd62"
url = "https://github.com/astral-sh/uv/releases/download/0.12.5/uv-aarch64-apple-darwin.tar.gz"
url_api = "https://api.github.com/repos/astral-sh/uv/releases/assets/514850968"
provenance = "github-attestations"
